
Microsoft Visual Studio Solution File, Format Version 12.00
# Visual Studio Version 17
VisualStudioVersion = 17.11.35222.181
MinimumVisualStudioVersion = 10.0.40219.1
Project("{2150E333-8FDC-42A3-9474-1A3956D46DE8}") = "Solution Items", "Solution Items", "{6843B781-CB73-4321-B4D9-E6B17D87AC25}"
	ProjectSection(SolutionItems) = preProject
		.editorconfig = .editorconfig
	EndProjectSection
EndProject
Project("{9A19103F-16F7-4668-BE54-9A1E7A4F7556}") = "x", "x\x.csproj", "{64901314-1900-4A3C-81F6-A89628C2EB55}"
EndProject
Project("{8BC9CEB8-8B4A-11D0-8D11-00A0C91BC942}") = "c", "c\c.vcxproj", "{58E8A252-27D4-4D1E-8EDC-6DF0A1A8B120}"
EndProject
Global
	GlobalSection(SolutionConfigurationPlatforms) = preSolution
		Debug|Any CPU = Debug|Any CPU
		Debug|x64 = Debug|x64
		Debug|x86 = Debug|x86
		Release|Any CPU = Release|Any CPU
		Release|x64 = Release|x64
		Release|x86 = Release|x86
	EndGlobalSection
	GlobalSection(ProjectConfigurationPlatforms) = postSolution
		{64901314-1900-4A3C-81F6-A89628C2EB55}.Debug|Any CPU.ActiveCfg = Debug|Any CPU
		{64901314-1900-4A3C-81F6-A89628C2EB55}.Debug|Any CPU.Build.0 = Debug|Any CPU
		{64901314-1900-4A3C-81F6-A89628C2EB55}.Debug|x64.ActiveCfg = Debug|Any CPU
		{64901314-1900-4A3C-81F6-A89628C2EB55}.Debug|x64.Build.0 = Debug|Any CPU
		{64901314-1900-4A3C-81F6-A89628C2EB55}.Debug|x86.ActiveCfg = Debug|Any CPU
		{64901314-1900-4A3C-81F6-A89628C2EB55}.Debug|x86.Build.0 = Debug|Any CPU
		{64901314-1900-4A3C-81F6-A89628C2EB55}.Release|Any CPU.ActiveCfg = Release|Any CPU
		{64901314-1900-4A3C-81F6-A89628C2EB55}.Release|Any CPU.Build.0 = Release|Any CPU
		{64901314-1900-4A3C-81F6-A89628C2EB55}.Release|x64.ActiveCfg = Release|Any CPU
		{64901314-1900-4A3C-81F6-A89628C2EB55}.Release|x64.Build.0 = Release|Any CPU
		{64901314-1900-4A3C-81F6-A89628C2EB55}.Release|x86.ActiveCfg = Release|Any CPU
		{64901314-1900-4A3C-81F6-A89628C2EB55}.Release|x86.Build.0 = Release|Any CPU
		{58E8A252-27D4-4D1E-8EDC-6DF0A1A8B120}.Debug|Any CPU.ActiveCfg = Debug|x64
		{58E8A252-27D4-4D1E-8EDC-6DF0A1A8B120}.Debug|Any CPU.Build.0 = Debug|x64
		{58E8A252-27D4-4D1E-8EDC-6DF0A1A8B120}.Debug|x64.ActiveCfg = Debug|x64
		{58E8A252-27D4-4D1E-8EDC-6DF0A1A8B120}.Debug|x64.Build.0 = Debug|x64
		{58E8A252-27D4-4D1E-8EDC-6DF0A1A8B120}.Debug|x86.ActiveCfg = Debug|Win32
		{58E8A252-27D4-4D1E-8EDC-6DF0A1A8B120}.Debug|x86.Build.0 = Debug|Win32
		{58E8A252-27D4-4D1E-8EDC-6DF0A1A8B120}.Release|Any CPU.ActiveCfg = Release|x64
		{58E8A252-27D4-4D1E-8EDC-6DF0A1A8B120}.Release|Any CPU.Build.0 = Release|x64
		{58E8A252-27D4-4D1E-8EDC-6DF0A1A8B120}.Release|x64.ActiveCfg = Release|x64
		{58E8A252-27D4-4D1E-8EDC-6DF0A1A8B120}.Release|x64.Build.0 = Release|x64
		{58E8A252-27D4-4D1E-8EDC-6DF0A1A8B120}.Release|x86.ActiveCfg = Release|Win32
		{58E8A252-27D4-4D1E-8EDC-6DF0A1A8B120}.Release|x86.Build.0 = Release|Win32
	EndGlobalSection
	GlobalSection(SolutionProperties) = preSolution
		HideSolutionNode = FALSE
	EndGlobalSection
	GlobalSection(ExtensibilityGlobals) = postSolution
		SolutionGuid = {864350E9-3293-4D48-A3B2-D03882188BD4}
	EndGlobalSection
EndGlobal
